
Microsoft Visual Studio Solution File, Format Version 12.00
# Visual Studio Version 17
VisualStudioVersion = 17.0.31903.59
MinimumVisualStudioVersion = 10.0.40219.1
Project("{9A19103F-16F7-4668-BE54-9A1E7A4F7556}") = "WebApi", "src\WebApi.csproj", "{F3F0ECC4-08D1-499C-BC49-9BA2AE1CDEE4}"
EndProject
Project("{2150E333-8FDC-42A3-9474-1A3956D46DE8}") = "src", "src", "{FF03E095-B8EC-486A-9831-AF4C58214939}"
EndProject
Project("{2150E333-8FDC-42A3-9474-1A3956D46DE8}") = "tests", "tests", "{07A01855-3B64-4FD1-982A-AF6D4711938B}"
EndProject
Global
	GlobalSection(SolutionConfigurationPlatforms) = preSolution
		Debug|Any CPU = Debug|Any CPU
		Release|Any CPU = Release|Any CPU
	EndGlobalSection
	GlobalSection(ProjectConfigurationPlatforms) = postSolution
		{F3F0ECC4-08D1-499C-BC49-9BA2AE1CDEE4}.Debug|Any CPU.ActiveCfg = Debug|Any CPU
		{F3F0ECC4-08D1-499C-BC49-9BA2AE1CDEE4}.Debug|Any CPU.Build.0 = Debug|Any CPU
		{F3F0ECC4-08D1-499C-BC49-9BA2AE1CDEE4}.Release|Any CPU.ActiveCfg = Release|Any CPU
		{F3F0ECC4-08D1-499C-BC49-9BA2AE1CDEE4}.Release|Any CPU.Build.0 = Release|Any CPU
	EndGlobalSection
	GlobalSection(SolutionProperties) = preSolution
		HideSolutionNode = FALSE
	EndGlobalSection
	GlobalSection(NestedProjects) = preSolution
		{F3F0ECC4-08D1-499C-BC49-9BA2AE1CDEE4} = {FF03E095-B8EC-486A-9831-AF4C58214939}
	EndGlobalSection
	GlobalSection(ExtensibilityGlobals) = postSolution
		SolutionGuid = {EE416BCB-45B2-4D57-AF03-4759F7CC5EEA}
	EndGlobalSection
EndGlobal
